
Microsoft Visual Studio Solution File, Format Version 12.00
# Visual Studio Version 17
VisualStudioVersion = 17.8.34408.163
MinimumVisualStudioVersion = 10.0.40219.1
Project("{FAE04EC0-301F-11D3-BF4B-00C04F79EFBC}") = "WebApplication1", "WebApplication1\WebApplication1.csproj", "{C7DA6572-2F52-47AC-83AB-C5E5FB6C9869}"
EndProject
Global
	GlobalSection(SolutionConfigurationPlatforms) = preSolution
		Debug|Any CPU = Debug|Any CPU
		Release|Any CPU = Release|Any CPU
	EndGlobalSection
	GlobalSection(ProjectConfigurationPlatforms) = postSolution
		{C7DA6572-2F52-47AC-83AB-C5E5FB6C9869}.Debug|Any CPU.ActiveCfg = Debug|Any CPU
		{C7DA6572-2F52-47AC-83AB-C5E5FB6C9869}.Debug|Any CPU.Build.0 = Debug|Any CPU
		{C7DA6572-2F52-47AC-83AB-C5E5FB6C9869}.Release|Any CPU.ActiveCfg = Release|Any CPU
		{C7DA6572-2F52-47AC-83AB-C5E5FB6C9869}.Release|Any CPU.Build.0 = Release|Any CPU
	EndGlobalSection
	GlobalSection(SolutionProperties) = preSolution
		HideSolutionNode = FALSE
	EndGlobalSection
	GlobalSection(ExtensibilityGlobals) = postSolution
		SolutionGuid = {766B77C9-9C8A-4037-9D70-FF97DB90E08B}
	EndGlobalSection
EndGlobal
